github.com/go-ole/go-ole v1.3.0 h1:Dt6ye7+vXGIKZ7Xtk4s6/xVdGDQynvom7xCFEdWr6uE=
github.com/go-ole/go-ole v1.3.0/go.mod h1:5LS6F96DhAwUc7C+1HLexzMXY1xGRSryjyPPKW6zv78=
github.com/google/uuid v1.6.0 h1:NIvaJDMOsjHA8n1jAhLSgzrAzy1Hgr+hNrb57e+94F0=
github.com/google/uuid v1.6.0/go.mod h1:TIyPZe4MgqvfeYDBFedMoGGpEw/LqOeaOT+nhxU+yHo=
github.com/scjalliance/comshim v0.0.0-20240712181150-e070933cb68e h1:DHQTQhd+UU97hLiIaH5oDf61NqH6iBoHBgZoeWc1olc=
github.com/scjalliance/comshim v0.0.0-20240712181150-e070933cb68e/go.mod h1:RS825256UevDX5P1oImjU4qUY3fwF6HDLHUD+Zbbd/A=
github.com/scjalliance/comutil v0.0.0-20240712181340-772427873823 h1:8IbIhr73blIWaPxm8/MpvipnWCowNx7cbgaidGU0wPY=
github.com/scjalliance/comutil v0.0.0-20240712181340-772427873823/go.mod h1:zer5luz65YUKYPEcYY4RLKb2aLjfhQZQ86jwvLlkib0=
golang.org/x/sys v0.1.0/go.mod h1:oPkhp1MJrh7nUepCBck5+mAzfO9JrbApNNgaTdGDITg=
golang.org/x/sys v0.22.0 h1:RI27ohtqKCnwULzJLqkv897zojh5/DwS/ENaMzUOaWI=
golang.org/x/sys v0.22.0/go.mod h1:/VUhepiaJMQUp4+oa/7Zr1D23ma6VTLIYjOOTFZPUcA=
