github.com/go-ole/go-ole v1.3.0 h1:Dt6ye7+vXGIKZ7Xtk4s6/xVdGDQynvom7xCFEdWr6uE=
github.com/go-ole/go-ole v1.3.0/go.mod h1:5LS6F96DhAwUc7C+1HLexzMXY1xGRSryjyPPKW6zv78=
github.com/google/uuid v1.4.0 h1:MtMxsa51/r9yyhkyLsVeVt0B+BGQZzpQiTQ4eHZ8bc4=
github.com/google/uuid v1.4.0/go.mod h1:TIyPZe4MgqvfeYDBFedMoGGpEw/LqOeaOT+nhxU+yHo=
github.com/scjalliance/comshim v0.0.0-20231116235529-bbacf79a4691 h1:P+tjDAuIC11VabBunlN30hVNqqXAmU+xEyrTEFU8avY=
github.com/scjalliance/comshim v0.0.0-20231116235529-bbacf79a4691/go.mod h1:frmTThEHn5H+hHqLPGBDKVlFLpE8f/4vY2M9od2tW9k=
github.com/scjalliance/comutil v0.0.0-20231116235742-a19f1d833b6b h1:41DmM1at+2QyHyFm5eJsNfcF4GpmaT5JR0Wk87akEvc=
github.com/scjalliance/comutil v0.0.0-20231116235742-a19f1d833b6b/go.mod h1:XChZJycJnaqikjp9aPJo9LiNR6Fq7Gss87pFZbsJGN0=
golang.org/x/sys v0.1.0/go.mod h1:oPkhp1MJrh7nUepCBck5+mAzfO9JrbApNNgaTdGDITg=
golang.org/x/sys v0.14.0 h1:Vz7Qs629MkJkGyHxUlRHizWJRG2j8fbQKjELVSNhy7Q=
golang.org/x/sys v0.14.0/go.mod h1:/VUhepiaJMQUp4+oa/7Zr1D23ma6VTLIYjOOTFZPUcA=
